# This file is automatically @generated by Poetry 1.5.4 and should not be changed by hand.

[[package]]
name = "cardgame"
version = "1.1"
description = "Building cardgame library"
optional = false
python-versions = "*"
files = [
    {file = "cardgame-1.1.tar.gz", hash = "sha256:8f0344910b7d1233d2f797c4d0501ea9aa7072e15d3c1c54ae4f221c53400286"},
]

[[package]]
name = "typing-extensions"
version = "4.9.0"
description = "Backported and Experimental Type Hints for Python 3.8+"
optional = false
python-versions = ">=3.8"
files = [
    {file = "typing_extensions-4.9.0-py3-none-any.whl", hash = "sha256:af72aea155e91adfc61c3ae9e0e342dbc0cba726d6cba4b6c72c1f34e47291cd"},
    {file = "typing_extensions-4.9.0.tar.gz", hash = "sha256:23478f88c37f27d76ac8aee6c905017a143b0b1b886c3c9f66bc2fd94f9f5783"},
]

[metadata]
lock-version = "2.0"
python-versions = ">=3.10.0,<3.11"
content-hash = "9ecef06c010fa4e68bb68fd29f6ca7d018f086a649b30411c44691bc71992a7e"
